
Microsoft Visual Studio Solution File, Format Version 12.00
# Visual Studio Version 16
VisualStudioVersion = 16.0.31005.135
MinimumVisualStudioVersion = 10.0.40219.1
Project("{FAE04EC0-301F-11D3-BF4B-00C04F79EFBC}") = "Desafio21DiasOO", "Desafio21DiasOO\Desafio21DiasOO.csproj", "{3F72A306-6FBC-461C-BD19-006BEEC648B3}"
EndProject
Global
	GlobalSection(SolutionConfigurationPlatforms) = preSolution
		Debug|Any CPU = Debug|Any CPU
		Release|Any CPU = Release|Any CPU
	EndGlobalSection
	GlobalSection(ProjectConfigurationPlatforms) = postSolution
		{3F72A306-6FBC-461C-BD19-006BEEC648B3}.Debug|Any CPU.ActiveCfg = Debug|Any CPU
		{3F72A306-6FBC-461C-BD19-006BEEC648B3}.Debug|Any CPU.Build.0 = Debug|Any CPU
		{3F72A306-6FBC-461C-BD19-006BEEC648B3}.Release|Any CPU.ActiveCfg = Release|Any CPU
		{3F72A306-6FBC-461C-BD19-006BEEC648B3}.Release|Any CPU.Build.0 = Release|Any CPU
	EndGlobalSection
	GlobalSection(SolutionProperties) = preSolution
		HideSolutionNode = FALSE
	EndGlobalSection
	GlobalSection(ExtensibilityGlobals) = postSolution
		SolutionGuid = {B55E78A5-3110-40AF-8632-F879AED3DAE6}
	EndGlobalSection
EndGlobal
