
Microsoft Visual Studio Solution File, Format Version 12.00
# Visual Studio Version 16
VisualStudioVersion = 16.0.31019.35
MinimumVisualStudioVersion = 10.0.40219.1
Project("{FAE04EC0-301F-11D3-BF4B-00C04F79EFBC}") = "Exercicio_09", "Exercicio_09\Exercicio_09.csproj", "{E258373D-F678-49B3-B3E4-00D3AFD326E6}"
EndProject
Global
	GlobalSection(SolutionConfigurationPlatforms) = preSolution
		Debug|Any CPU = Debug|Any CPU
		Release|Any CPU = Release|Any CPU
	EndGlobalSection
	GlobalSection(ProjectConfigurationPlatforms) = postSolution
		{E258373D-F678-49B3-B3E4-00D3AFD326E6}.Debug|Any CPU.ActiveCfg = Debug|Any CPU
		{E258373D-F678-49B3-B3E4-00D3AFD326E6}.Debug|Any CPU.Build.0 = Debug|Any CPU
		{E258373D-F678-49B3-B3E4-00D3AFD326E6}.Release|Any CPU.ActiveCfg = Release|Any CPU
		{E258373D-F678-49B3-B3E4-00D3AFD326E6}.Release|Any CPU.Build.0 = Release|Any CPU
	EndGlobalSection
	GlobalSection(SolutionProperties) = preSolution
		HideSolutionNode = FALSE
	EndGlobalSection
	GlobalSection(ExtensibilityGlobals) = postSolution
		SolutionGuid = {8FDEF7F6-701D-48FB-B3EC-8D35DD2DA28A}
	EndGlobalSection
EndGlobal
